// !$*UTF8*$!
{
	archiveVersion = 1;
	classes = {
	};
	objectVersion = 46;
	objects = {

/* Begin PBXBuildFile section */
		D039FEFF1F6077BB00A1EFA6 /* AppDelegate.swift in Sources */ = {isa = PBXBuildFile; fileRef = D039FEFE1F6077BB00A1EFA6 /* AppDelegate.swift */; };
		D039FF011F6077BB00A1EFA6 /* FirstViewController.swift in Sources */ = {isa = PBXBuildFile; fileRef = D039FF001F6077BB00A1EFA6 /* FirstViewController.swift */; };
		D039FF031F6077BB00A1EFA6 /* SecondViewController.swift in Sources */ = {isa = PBXBuildFile; fileRef = D039FF021F6077BB00A1EFA6 /* SecondViewController.swift */; };
		D039FF061F6077BB00A1EFA6 /* Main.storyboard in Resources */ = {isa = PBXBuildFile; fileRef = D039FF041F6077BB00A1EFA6 /* Main.storyboard */; };
		D039FF081F6077BB00A1EFA6 /* Assets.xcassets in Resources */ = {isa = PBXBuildFile; fileRef = D039FF071F6077BB00A1EFA6 /* Assets.xcassets */; };
		D039FF0B1F6077BB00A1EFA6 /* LaunchScreen.storyboard in Resources */ = {isa = PBXBuildFile; fileRef = D039FF091F6077BB00A1EFA6 /* LaunchScreen.storyboard */; };
		D039FF161F6077BB00A1EFA6 /* Mobile_Photo_SharingTests.swift in Sources */ = {isa = PBXBuildFile; fileRef = D039FF151F6077BB00A1EFA6 /* Mobile_Photo_SharingTests.swift */; };
		D039FF211F6077BB00A1EFA6 /* Mobile_Photo_SharingUITests.swift in Sources */ = {isa = PBXBuildFile; fileRef = D039FF201F6077BB00A1EFA6 /* Mobile_Photo_SharingUITests.swift */; };
/* End PBXBuildFile section */

/* Begin PBXContainerItemProxy section */
		D039FF121F6077BB00A1EFA6 /* PBXContainerItemProxy */ = {
			isa = PBXContainerItemProxy;
			containerPortal = D039FEF31F6077BB00A1EFA6 /* Project object */;
			proxyType = 1;
			remoteGlobalIDString = D039FEFA1F6077BB00A1EFA6;
			remoteInfo = "Mobile-Photo-Sharing";
		};
		D039FF1D1F6077BB00A1EFA6 /* PBXContainerItemProxy */ = {
			isa = PBXContainerItemProxy;
			containerPortal = D039FEF31F6077BB00A1EFA6 /* Project object */;
			proxyType = 1;
			remoteGlobalIDString = D039FEFA1F6077BB00A1EFA6;
			remoteInfo = "Mobile-Photo-Sharing";
		};
/* End PBXContainerItemProxy section */

/* Begin PBXFileReference section */
		D039FEFB1F6077BB00A1EFA6 /* Mobile-Photo-Sharing.app */ = {isa = PBXFileReference; explicitFileType = wrapper.application; includeInIndex = 0; path = "Mobile-Photo-Sharing.app"; sourceTree = BUILT_PRODUCTS_DIR; };
		D039FEFE1F6077BB00A1EFA6 /* AppDelegate.swift */ = {isa = PBXFileReference; lastKnownFileType = sourcecode.swift; path = AppDelegate.swift; sourceTree = "<group>"; };
		D039FF001F6077BB00A1EFA6 /* FirstViewController.swift */ = {isa = PBXFileReference; lastKnownFileType = sourcecode.swift; path = FirstViewController.swift; sourceTree = "<group>"; };
		D039FF021F6077BB00A1EFA6 /* SecondViewController.swift */ = {isa = PBXFileReference; lastKnownFileType = sourcecode.swift; path = SecondViewController.swift; sourceTree = "<group>"; };
		D039FF051F6077BB00A1EFA6 /* Base */ = {isa = PBXFileReference; lastKnownFileType = file.storyboard; name = Base; path = Base.lproj/Main.storyboard; sourceTree = "<group>"; };
		D039FF071F6077BB00A1EFA6 /* Assets.xcassets */ = {isa = PBXFileReference; lastKnownFileType = folder.assetcatalog; path = Assets.xcassets; sourceTree = "<group>"; };
		D039FF0A1F6077BB00A1EFA6 /* Base */ = {isa = PBXFileReference; lastKnownFileType = file.storyboard; name = Base; path = Base.lproj/LaunchScreen.storyboard; sourceTree = "<group>"; };
		D039FF0C1F6077BB00A1EFA6 /* Info.plist */ = {isa = PBXFileReference; lastKnownFileType = text.plist.xml; path = Info.plist; sourceTree = "<group>"; };
		D039FF111F6077BB00A1EFA6 /* Mobile-Photo-SharingTests.xctest */ = {isa = PBXFileReference; explicitFileType = wrapper.cfbundle; includeInIndex = 0; path = "Mobile-Photo-SharingTests.xctest"; sourceTree = BUILT_PRODUCTS_DIR; };
		D039FF151F6077BB00A1EFA6 /* Mobile_Photo_SharingTests.swift */ = {isa = PBXFileReference; lastKnownFileType = sourcecode.swift; path = Mobile_Photo_SharingTests.swift; sourceTree = "<group>"; };
		D039FF171F6077BB00A1EFA6 /* Info.plist */ = {isa = PBXFileReference; lastKnownFileType = text.plist.xml; path = Info.plist; sourceTree = "<group>"; };
		D039FF1C1F6077BB00A1EFA6 /* Mobile-Photo-SharingUITests.xctest */ = {isa = PBXFileReference; explicitFileType = wrapper.cfbundle; includeInIndex = 0; path = "Mobile-Photo-SharingUITests.xctest"; sourceTree = BUILT_PRODUCTS_DIR; };
		D039FF201F6077BB00A1EFA6 /* Mobile_Photo_SharingUITests.swift */ = {isa = PBXFileReference; lastKnownFileType = sourcecode.swift; path = Mobile_Photo_SharingUITests.swift; sourceTree = "<group>"; };
		D039FF221F6077BB00A1EFA6 /* Info.plist */ = {isa = PBXFileReference; lastKnownFileType = text.plist.xml; path = Info.plist; sourceTree = "<group>"; };
/* End PBXFileReference section */

/* Begin PBXFrameworksBuildPhase section */
		D039FEF81F6077BB00A1EFA6 /* Frameworks */ = {
			isa = PBXFrameworksBuildPhase;
			buildActionMask = 2147483647;
			files = (
			);
			runOnlyForDeploymentPostprocessing = 0;
		};
		D039FF0E1F6077BB00A1EFA6 /* Frameworks */ = {
			isa = PBXFrameworksBuildPhase;
			buildActionMask = 2147483647;
			files = (
			);
			runOnlyForDeploymentPostprocessing = 0;
		};
		D039FF191F6077BB00A1EFA6 /* Frameworks */ = {
			isa = PBXFrameworksBuildPhase;
			buildActionMask = 2147483647;
			files = (
			);
			runOnlyForDeploymentPostprocessing = 0;
		};
/* End PBXFrameworksBuildPhase section */

/* Begin PBXGroup section */
		D039FEF21F6077BB00A1EFA6 = {
			isa = PBXGroup;
			children = (
				D039FEFD1F6077BB00A1EFA6 /* Mobile-Photo-Sharing */,
				D039FF141F6077BB00A1EFA6 /* Mobile-Photo-SharingTests */,
				D039FF1F1F6077BB00A1EFA6 /* Mobile-Photo-SharingUITests */,
				D039FEFC1F6077BB00A1EFA6 /* Products */,
			);
			sourceTree = "<group>";
		};
		D039FEFC1F6077BB00A1EFA6 /* Products */ = {
			isa = PBXGroup;
			children = (
				D039FEFB1F6077BB00A1EFA6 /* Mobile-Photo-Sharing.app */,
				D039FF111F6077BB00A1EFA6 /* Mobile-Photo-SharingTests.xctest */,
				D039FF1C1F6077BB00A1EFA6 /* Mobile-Photo-SharingUITests.xctest */,
			);
			name = Products;
			sourceTree = "<group>";
		};
		D039FEFD1F6077BB00A1EFA6 /* Mobile-Photo-Sharing */ = {
			isa = PBXGroup;
			children = (
				D039FEFE1F6077BB00A1EFA6 /* AppDelegate.swift */,
				D039FF001F6077BB00A1EFA6 /* FirstViewController.swift */,
				D039FF021F6077BB00A1EFA6 /* SecondViewController.swift */,
				D039FF041F6077BB00A1EFA6 /* Main.storyboard */,
				D039FF071F6077BB00A1EFA6 /* Assets.xcassets */,
				D039FF091F6077BB00A1EFA6 /* LaunchScreen.storyboard */,
				D039FF0C1F6077BB00A1EFA6 /* Info.plist */,
			);
			path = "Mobile-Photo-Sharing";
			sourceTree = "<group>";
		};
		D039FF141F6077BB00A1EFA6 /* Mobile-Photo-SharingTests */ = {
			isa = PBXGroup;
			children = (
				D039FF151F6077BB00A1EFA6 /* Mobile_Photo_SharingTests.swift */,
				D039FF171F6077BB00A1EFA6 /* Info.plist */,
			);
			path = "Mobile-Photo-SharingTests";
			sourceTree = "<group>";
		};
		D039FF1F1F6077BB00A1EFA6 /* Mobile-Photo-SharingUITests */ = {
			isa = PBXGroup;
			children = (
				D039FF201F6077BB00A1EFA6 /* Mobile_Photo_SharingUITests.swift */,
				D039FF221F6077BB00A1EFA6 /* Info.plist */,
			);
			path = "Mobile-Photo-SharingUITests";
			sourceTree = "<group>";
		};
/* End PBXGroup section */

/* Begin PBXNativeTarget section */
		D039FEFA1F6077BB00A1EFA6 /* Mobile-Photo-Sharing */ = {
			isa = PBXNativeTarget;
			buildConfigurationList = D039FF251F6077BB00A1EFA6 /* Build configuration list for PBXNativeTarget "Mobile-Photo-Sharing" */;
			buildPhases = (
				D039FEF71F6077BB00A1EFA6 /* Sources */,
				D039FEF81F6077BB00A1EFA6 /* Frameworks */,
				D039FEF91F6077BB00A1EFA6 /* Resources */,
			);
			buildRules = (
			);
			dependencies = (
			);
			name = "Mobile-Photo-Sharing";
			productName = "Mobile-Photo-Sharing";
			productReference = D039FEFB1F6077BB00A1EFA6 /* Mobile-Photo-Sharing.app */;
			productType = "com.apple.product-type.application";
		};
		D039FF101F6077BB00A1EFA6 /* Mobile-Photo-SharingTests */ = {
			isa = PBXNativeTarget;
			buildConfigurationList = D039FF281F6077BB00A1EFA6 /* Build configuration list for PBXNativeTarget "Mobile-Photo-SharingTests" */;
			buildPhases = (
				D039FF0D1F6077BB00A1EFA6 /* Sources */,
				D039FF0E1F6077BB00A1EFA6 /* Frameworks */,
				D039FF0F1F6077BB00A1EFA6 /* Resources */,
			);
			buildRules = (
			);
			dependencies = (
				D039FF131F6077BB00A1EFA6 /* PBXTargetDependency */,
			);
			name = "Mobile-Photo-SharingTests";
			productName = "Mobile-Photo-SharingTests";
			productReference = D039FF111F6077BB00A1EFA6 /* Mobile-Photo-SharingTests.xctest */;
			productType = "com.apple.product-type.bundle.unit-test";
		};
		D039FF1B1F6077BB00A1EFA6 /* Mobile-Photo-SharingUITests */ = {
			isa = PBXNativeTarget;
			buildConfigurationList = D039FF2B1F6077BB00A1EFA6 /* Build configuration list for PBXNativeTarget "Mobile-Photo-SharingUITests" */;
			buildPhases = (
				D039FF181F6077BB00A1EFA6 /* Sources */,
				D039FF191F6077BB00A1EFA6 /* Frameworks */,
				D039FF1A1F6077BB00A1EFA6 /* Resources */,
			);
			buildRules = (
			);
			dependencies = (
				D039FF1E1F6077BB00A1EFA6 /* PBXTargetDependency */,
			);
			name = "Mobile-Photo-SharingUITests";
			productName = "Mobile-Photo-SharingUITests";
			productReference = D039FF1C1F6077BB00A1EFA6 /* Mobile-Photo-SharingUITests.xctest */;
			productType = "com.apple.product-type.bundle.ui-testing";
		};
/* End PBXNativeTarget section */

/* Begin PBXProject section */
		D039FEF31F6077BB00A1EFA6 /* Project object */ = {
			isa = PBXProject;
			attributes = {
				LastSwiftUpdateCheck = 0830;
				LastUpgradeCheck = 0830;
				ORGANIZATIONNAME = LyuQi;
				TargetAttributes = {
					D039FEFA1F6077BB00A1EFA6 = {
						CreatedOnToolsVersion = 8.3.2;
						ProvisioningStyle = Automatic;
					};
					D039FF101F6077BB00A1EFA6 = {
						CreatedOnToolsVersion = 8.3.2;
						ProvisioningStyle = Automatic;
						TestTargetID = D039FEFA1F6077BB00A1EFA6;
					};
					D039FF1B1F6077BB00A1EFA6 = {
						CreatedOnToolsVersion = 8.3.2;
						ProvisioningStyle = Automatic;
						TestTargetID = D039FEFA1F6077BB00A1EFA6;
					};
				};
			};
			buildConfigurationList = D039FEF61F6077BB00A1EFA6 /* Build configuration list for PBXProject "Mobile-Photo-Sharing" */;
			compatibilityVersion = "Xcode 3.2";
			developmentRegion = English;
			hasScannedForEncodings = 0;
			knownRegions = (
				en,
				Base,
			);
			mainGroup = D039FEF21F6077BB00A1EFA6;
			productRefGroup = D039FEFC1F6077BB00A1EFA6 /* Products */;
			projectDirPath = "";
			projectRoot = "";
			targets = (
				D039FEFA1F6077BB00A1EFA6 /* Mobile-Photo-Sharing */,
				D039FF101F6077BB00A1EFA6 /* Mobile-Photo-SharingTests */,
				D039FF1B1F6077BB00A1EFA6 /* Mobile-Photo-SharingUITests */,
			);
		};
/* End PBXProject section */

/* Begin PBXResourcesBuildPhase section */
		D039FEF91F6077BB00A1EFA6 /* Resources */ = {
			isa = PBXResourcesBuildPhase;
			buildActionMask = 2147483647;
			files = (
				D039FF0B1F6077BB00A1EFA6 /* LaunchScreen.storyboard in Resources */,
				D039FF081F6077BB00A1EFA6 /* Assets.xcassets in Resources */,
				D039FF061F6077BB00A1EFA6 /* Main.storyboard in Resources */,
			);
			runOnlyForDeploymentPostprocessing = 0;
		};
		D039FF0F1F6077BB00A1EFA6 /* Resources */ = {
			isa = PBXResourcesBuildPhase;
			buildActionMask = 2147483647;
			files = (
			);
			runOnlyForDeploymentPostprocessing = 0;
		};
		D039FF1A1F6077BB00A1EFA6 /* Resources */ = {
			isa = PBXResourcesBuildPhase;
			buildActionMask = 2147483647;
			files = (
			);
			runOnlyForDeploymentPostprocessing = 0;
		};
/* End PBXResourcesBuildPhase section */

/* Begin PBXSourcesBuildPhase section */
		D039FEF71F6077BB00A1EFA6 /* Sources */ = {
			isa = PBXSourcesBuildPhase;
			buildActionMask = 2147483647;
			files = (
				D039FF031F6077BB00A1EFA6 /* SecondViewController.swift in Sources */,
				D039FEFF1F6077BB00A1EFA6 /* AppDelegate.swift in Sources */,
				D039FF011F6077BB00A1EFA6 /* FirstViewController.swift in Sources */,
			);
			runOnlyForDeploymentPostprocessing = 0;
		};
		D039FF0D1F6077BB00A1EFA6 /* Sources */ = {
			isa = PBXSourcesBuildPhase;
			buildActionMask = 2147483647;
			files = (
				D039FF161F6077BB00A1EFA6 /* Mobile_Photo_SharingTests.swift in Sources */,
			);
			runOnlyForDeploymentPostprocessing = 0;
		};
		D039FF181F6077BB00A1EFA6 /* Sources */ = {
			isa = PBXSourcesBuildPhase;
			buildActionMask = 2147483647;
			files = (
				D039FF211F6077BB00A1EFA6 /* Mobile_Photo_SharingUITests.swift in Sources */,
			);
			runOnlyForDeploymentPostprocessing = 0;
		};
/* End PBXSourcesBuildPhase section */

/* Begin PBXTargetDependency section */
		D039FF131F6077BB00A1EFA6 /* PBXTargetDependency */ = {
			isa = PBXTargetDependency;
			target = D039FEFA1F6077BB00A1EFA6 /* Mobile-Photo-Sharing */;
			targetProxy = D039FF121F6077BB00A1EFA6 /* PBXContainerItemProxy */;
		};
		D039FF1E1F6077BB00A1EFA6 /* PBXTargetDependency */ = {
			isa = PBXTargetDependency;
			target = D039FEFA1F6077BB00A1EFA6 /* Mobile-Photo-Sharing */;
			targetProxy = D039FF1D1F6077BB00A1EFA6 /* PBXContainerItemProxy */;
		};
/* End PBXTargetDependency section */

/* Begin PBXVariantGroup section */
		D039FF041F6077BB00A1EFA6 /* Main.storyboard */ = {
			isa = PBXVariantGroup;
			children = (
				D039FF051F6077BB00A1EFA6 /* Base */,
			);
			name = Main.storyboard;
			sourceTree = "<group>";
		};
		D039FF091F6077BB00A1EFA6 /* LaunchScreen.storyboard */ = {
			isa = PBXVariantGroup;
			children = (
				D039FF0A1F6077BB00A1EFA6 /* Base */,
			);
			name = LaunchScreen.storyboard;
			sourceTree = "<group>";
		};
/* End PBXVariantGroup section */

/* Begin XCBuildConfiguration section */
		D039FF231F6077BB00A1EFA6 /* Debug */ = {
			isa = XCBuildConfiguration;
			buildSettings = {
				ALWAYS_SEARCH_USER_PATHS = NO;
				CLANG_ANALYZER_NONNULL = YES;
				CLANG_ANALYZER_NUMBER_OBJECT_CONVERSION = YES_AGGRESSIVE;
				CLANG_CXX_LANGUAGE_STANDARD = "gnu++0x";
				CLANG_CXX_LIBRARY = "libc++";
				CLANG_ENABLE_MODULES = YES;
				CLANG_ENABLE_OBJC_ARC = YES;
				CLANG_WARN_BOOL_CONVERSION = YES;
				CLANG_WARN_CONSTANT_CONVERSION = YES;
				CLANG_WARN_DIRECT_OBJC_ISA_USAGE = YES_ERROR;
				CLANG_WARN_DOCUMENTATION_COMMENTS = YES;
				CLANG_WARN_EMPTY_BODY = YES;
				CLANG_WARN_ENUM_CONVERSION = YES;
				CLANG_WARN_INFINITE_RECURSION = YES;
				CLANG_WARN_INT_CONVERSION = YES;
				CLANG_WARN_OBJC_ROOT_CLASS = YES_ERROR;
				CLANG_WARN_SUSPICIOUS_MOVE = YES;
				CLANG_WARN_UNREACHABLE_CODE = YES;
				CLANG_WARN__DUPLICATE_METHOD_MATCH = YES;
				"CODE_SIGN_IDENTITY[sdk=iphoneos*]" = "iPhone Developer";
				COPY_PHASE_STRIP = NO;
				DEBUG_INFORMATION_FORMAT = dwarf;
				ENABLE_STRICT_OBJC_MSGSEND = YES;
				ENABLE_TESTABILITY = YES;
				GCC_C_LANGUAGE_STANDARD = gnu99;
				GCC_DYNAMIC_NO_PIC = NO;
				GCC_NO_COMMON_BLOCKS = YES;
				GCC_OPTIMIZATION_LEVEL = 0;
				GCC_PREPROCESSOR_DEFINITIONS = (
					"DEBUG=1",
					"$(inherited)",
				);
				GCC_WARN_64_TO_32_BIT_CONVERSION = YES;
				GCC_WARN_ABOUT_RETURN_TYPE = YES_ERROR;
				GCC_WARN_UNDECLARED_SELECTOR = YES;
				GCC_WARN_UNINITIALIZED_AUTOS = YES_AGGRESSIVE;
				GCC_WARN_UNUSED_FUNCTION = YES;
				GCC_WARN_UNUSED_VARIABLE = YES;
				IPHONEOS_DEPLOYMENT_TARGET = 10.3;
				MTL_ENABLE_DEBUG_INFO = YES;
				ONLY_ACTIVE_ARCH = YES;
				SDKROOT = iphoneos;
				SWIFT_ACTIVE_COMPILATION_CONDITIONS = DEBUG;
				SWIFT_OPTIMIZATION_LEVEL = "-Onone";
			};
			name = Debug;
		};
		D039FF241F6077BB00A1EFA6 /* Release */ = {
			isa = XCBuildConfiguration;
			buildSettings = {
				ALWAYS_SEARCH_USER_PATHS = NO;
				CLANG_ANALYZER_NONNULL = YES;
				CLANG_ANALYZER_NUMBER_OBJECT_CONVERSION = YES_AGGRESSIVE;
				CLANG_CXX_LANGUAGE_STANDARD = "gnu++0x";
				CLANG_CXX_LIBRARY = "libc++";
				CLANG_ENABLE_MODULES = YES;
				CLANG_ENABLE_OBJC_ARC = YES;
				CLANG_WARN_BOOL_CONVERSION = YES;
				CLANG_WARN_CONSTANT_CONVERSION = YES;
				CLANG_WARN_DIRECT_OBJC_ISA_USAGE = YES_ERROR;
				CLANG_WARN_DOCUMENTATION_COMMENTS = YES;
				CLANG_WARN_EMPTY_BODY = YES;
				CLANG_WARN_ENUM_CONVERSION = YES;
				CLANG_WARN_INFINITE_RECURSION = YES;
				CLANG_WARN_INT_CONVERSION = YES;
				CLANG_WARN_OBJC_ROOT_CLASS = YES_ERROR;
				CLANG_WARN_SUSPICIOUS_MOVE = YES;
				CLANG_WARN_UNREACHABLE_CODE = YES;
				CLANG_WARN__DUPLICATE_METHOD_MATCH = YES;
				"CODE_SIGN_IDENTITY[sdk=iphoneos*]" = "iPhone Developer";
				COPY_PHASE_STRIP = NO;
				DEBUG_INFORMATION_FORMAT = "dwarf-with-dsym";
				ENABLE_NS_ASSERTIONS = NO;
				ENABLE_STRICT_OBJC_MSGSEND = YES;
				GCC_C_LANGUAGE_STANDARD = gnu99;
				GCC_NO_COMMON_BLOCKS = YES;
				GCC_WARN_64_TO_32_BIT_CONVERSION = YES;
				GCC_WARN_ABOUT_RETURN_TYPE = YES_ERROR;
				GCC_WARN_UNDECLARED_SELECTOR = YES;
				GCC_WARN_UNINITIALIZED_AUTOS = YES_AGGRESSIVE;
				GCC_WARN_UNUSED_FUNCTION = YES;
				GCC_WARN_UNUSED_VARIABLE = YES;
				IPHONEOS_DEPLOYMENT_TARGET = 10.3;
				MTL_ENABLE_DEBUG_INFO = NO;
				SDKROOT = iphoneos;
				SWIFT_OPTIMIZATION_LEVEL = "-Owholemodule";
				VALIDATE_PRODUCT = YES;
			};
			name = Release;
		};
		D039FF261F6077BB00A1EFA6 /* Debug */ = {
			isa = XCBuildConfiguration;
			buildSettings = {
				ASSETCATALOG_COMPILER_APPICON_NAME = AppIcon;
				INFOPLIST_FILE = "Mobile-Photo-Sharing/Info.plist";
				LD_RUNPATH_SEARCH_PATHS = "$(inherited) @executable_path/Frameworks";
				PRODUCT_BUNDLE_IDENTIFIER = "LyuQi.Mobile-Photo-Sharing";
				PRODUCT_NAME = "$(TARGET_NAME)";
				SWIFT_VERSION = 3.0;
			};
			name = Debug;
		};
		D039FF271F6077BB00A1EFA6 /* Release */ = {
			isa = XCBuildConfiguration;
			buildSettings = {
				ASSETCATALOG_COMPILER_APPICON_NAME = AppIcon;
				INFOPLIST_FILE = "Mobile-Photo-Sharing/Info.plist";
				LD_RUNPATH_SEARCH_PATHS = "$(inherited) @executable_path/Frameworks";
				PRODUCT_BUNDLE_IDENTIFIER = "LyuQi.Mobile-Photo-Sharing";
				PRODUCT_NAME = "$(TARGET_NAME)";
				SWIFT_VERSION = 3.0;
			};
			name = Release;
		};
		D039FF291F6077BB00A1EFA6 /* Debug */ = {
			isa = XCBuildConfiguration;
			buildSettings = {
				ALWAYS_EMBED_SWIFT_STANDARD_LIBRARIES = YES;
				BUNDLE_LOADER = "$(TEST_HOST)";
				INFOPLIST_FILE = "Mobile-Photo-SharingTests/Info.plist";
				LD_RUNPATH_SEARCH_PATHS = "$(inherited) @executable_path/Frameworks @loader_path/Frameworks";
				PRODUCT_BUNDLE_IDENTIFIER = "LyuQi.Mobile-Photo-SharingTests";
				PRODUCT_NAME = "$(TARGET_NAME)";
				SWIFT_VERSION = 3.0;
				TEST_HOST = "$(BUILT_PRODUCTS_DIR)/Mobile-Photo-Sharing.app/Mobile-Photo-Sharing";
			};
			name = Debug;
		};
		D039FF2A1F6077BB00A1EFA6 /* Release */ = {
			isa = XCBuildConfiguration;
			buildSettings = {
				ALWAYS_EMBED_SWIFT_STANDARD_LIBRARIES = YES;
				BUNDLE_LOADER = "$(TEST_HOST)";
				INFOPLIST_FILE = "Mobile-Photo-SharingTests/Info.plist";
				LD_RUNPATH_SEARCH_PATHS = "$(inherited) @executable_path/Frameworks @loader_path/Frameworks";
				PRODUCT_BUNDLE_IDENTIFIER = "LyuQi.Mobile-Photo-SharingTests";
				PRODUCT_NAME = "$(TARGET_NAME)";
				SWIFT_VERSION = 3.0;
				TEST_HOST = "$(BUILT_PRODUCTS_DIR)/Mobile-Photo-Sharing.app/Mobile-Photo-Sharing";
			};
			name = Release;
		};
		D039FF2C1F6077BB00A1EFA6 /* Debug */ = {
			isa = XCBuildConfiguration;
			buildSettings = {
				ALWAYS_EMBED_SWIFT_STANDARD_LIBRARIES = YES;
				INFOPLIST_FILE = "Mobile-Photo-SharingUITests/Info.plist";
				LD_RUNPATH_SEARCH_PATHS = "$(inherited) @executable_path/Frameworks @loader_path/Frameworks";
				PRODUCT_BUNDLE_IDENTIFIER = "LyuQi.Mobile-Photo-SharingUITests";
				PRODUCT_NAME = "$(TARGET_NAME)";
				SWIFT_VERSION = 3.0;
				TEST_TARGET_NAME = "Mobile-Photo-Sharing";
			};
			name = Debug;
		};
		D039FF2D1F6077BB00A1EFA6 /* Release */ = {
			isa = XCBuildConfiguration;
			buildSettings = {
				ALWAYS_EMBED_SWIFT_STANDARD_LIBRARIES = YES;
				INFOPLIST_FILE = "Mobile-Photo-SharingUITests/Info.plist";
				LD_RUNPATH_SEARCH_PATHS = "$(inherited) @executable_path/Frameworks @loader_path/Frameworks";
				PRODUCT_BUNDLE_IDENTIFIER = "LyuQi.Mobile-Photo-SharingUITests";
				PRODUCT_NAME = "$(TARGET_NAME)";
				SWIFT_VERSION = 3.0;
				TEST_TARGET_NAME = "Mobile-Photo-Sharing";
			};
			name = Release;
		};
/* End XCBuildConfiguration section */

/* Begin XCConfigurationList section */
		D039FEF61F6077BB00A1EFA6 /* Build configuration list for PBXProject "Mobile-Photo-Sharing" */ = {
			isa = XCConfigurationList;
			buildConfigurations = (
				D039FF231F6077BB00A1EFA6 /* Debug */,
				D039FF241F6077BB00A1EFA6 /* Release */,
			);
			defaultConfigurationIsVisible = 0;
			defaultConfigurationName = Release;
		};
		D039FF251F6077BB00A1EFA6 /* Build configuration list for PBXNativeTarget "Mobile-Photo-Sharing" */ = {
			isa = XCConfigurationList;
			buildConfigurations = (
				D039FF261F6077BB00A1EFA6 /* Debug */,
				D039FF271F6077BB00A1EFA6 /* Release */,
			);
			defaultConfigurationIsVisible = 0;
		};
		D039FF281F6077BB00A1EFA6 /* Build configuration list for PBXNativeTarget "Mobile-Photo-SharingTests" */ = {
			isa = XCConfigurationList;
			buildConfigurations = (
				D039FF291F6077BB00A1EFA6 /* Debug */,
				D039FF2A1F6077BB00A1EFA6 /* Release */,
			);
			defaultConfigurationIsVisible = 0;
		};
		D039FF2B1F6077BB00A1EFA6 /* Build configuration list for PBXNativeTarget "Mobile-Photo-SharingUITests" */ = {
			isa = XCConfigurationList;
			buildConfigurations = (
				D039FF2C1F6077BB00A1EFA6 /* Debug */,
				D039FF2D1F6077BB00A1EFA6 /* Release */,
			);
			defaultConfigurationIsVisible = 0;
		};
/* End XCConfigurationList section */
	};
	rootObject = D039FEF31F6077BB00A1EFA6 /* Project object */;
}
